
Microsoft Visual Studio Solution File, Format Version 12.00
# Visual Studio Version 17
VisualStudioVersion = 17.8.34330.188
MinimumVisualStudioVersion = 10.0.40219.1
Project("{9A19103F-16F7-4668-BE54-9A1E7A4F7556}") = "PDFViewerWebService", "PDFViewerWebService.csproj", "{4CAE5320-5AC8-4540-907B-DE463FEBC390}"
EndProject
Global
	GlobalSection(SolutionConfigurationPlatforms) = preSolution
		Debug|Any CPU = Debug|Any CPU
		Release|Any CPU = Release|Any CPU
	EndGlobalSection
	GlobalSection(ProjectConfigurationPlatforms) = postSolution
		{4CAE5320-5AC8-4540-907B-DE463FEBC390}.Debug|Any CPU.ActiveCfg = Debug|Any CPU
		{4CAE5320-5AC8-4540-907B-DE463FEBC390}.Debug|Any CPU.Build.0 = Debug|Any CPU
		{4CAE5320-5AC8-4540-907B-DE463FEBC390}.Release|Any CPU.ActiveCfg = Release|Any CPU
		{4CAE5320-5AC8-4540-907B-DE463FEBC390}.Release|Any CPU.Build.0 = Release|Any CPU
	EndGlobalSection
	GlobalSection(SolutionProperties) = preSolution
		HideSolutionNode = FALSE
	EndGlobalSection
	GlobalSection(ExtensibilityGlobals) = postSolution
		SolutionGuid = {C503CA70-3905-4841-8984-FC6A486FFBA7}
	EndGlobalSection
EndGlobal
